// !$*UTF8*$!
{
	archiveVersion = 1;
	classes = {
	};
	objectVersion = 46;
	objects = {

/* Begin PBXBuildFile section */
		5E00293A1DFC313E0050B172 /* EntryPointViewController.swift in Sources */ = {isa = PBXBuildFile; fileRef = 5E0029391DFC313E0050B172 /* EntryPointViewController.swift */; };
		5E7420F51DF5D14600DCB431 /* NewGameViewController.swift in Sources */ = {isa = PBXBuildFile; fileRef = 5E7420F41DF5D14600DCB431 /* NewGameViewController.swift */; };
		5E81EC4F1DF47F9A00D987A7 /* AppDelegate.swift in Sources */ = {isa = PBXBuildFile; fileRef = 5E81EC4E1DF47F9A00D987A7 /* AppDelegate.swift */; };
		5E81EC511DF47F9A00D987A7 /* ViewController.swift in Sources */ = {isa = PBXBuildFile; fileRef = 5E81EC501DF47F9A00D987A7 /* ViewController.swift */; };
		5E81EC541DF47F9A00D987A7 /* Main.storyboard in Resources */ = {isa = PBXBuildFile; fileRef = 5E81EC521DF47F9A00D987A7 /* Main.storyboard */; };
		5E81EC561DF47F9A00D987A7 /* Assets.xcassets in Resources */ = {isa = PBXBuildFile; fileRef = 5E81EC551DF47F9A00D987A7 /* Assets.xcassets */; };
		5E81EC591DF47F9A00D987A7 /* LaunchScreen.storyboard in Resources */ = {isa = PBXBuildFile; fileRef = 5E81EC571DF47F9A00D987A7 /* LaunchScreen.storyboard */; };
		5E81EC611DF47FD300D987A7 /* HistoricalModel.swift in Sources */ = {isa = PBXBuildFile; fileRef = 5E81EC601DF47FD300D987A7 /* HistoricalModel.swift */; };
		5E81EC631DF480E100D987A7 /* ListOfEvents.plist in Resources */ = {isa = PBXBuildFile; fileRef = 5E81EC621DF480E100D987A7 /* ListOfEvents.plist */; };
/* End PBXBuildFile section */

/* Begin PBXFileReference section */
		5E0029391DFC313E0050B172 /* EntryPointViewController.swift */ = {isa = PBXFileReference; fileEncoding = 4; lastKnownFileType = sourcecode.swift; path = EntryPointViewController.swift; sourceTree = "<group>"; };
		5E7420F41DF5D14600DCB431 /* NewGameViewController.swift */ = {isa = PBXFileReference; fileEncoding = 4; lastKnownFileType = sourcecode.swift; path = NewGameViewController.swift; sourceTree = "<group>"; };
		5E81EC4B1DF47F9A00D987A7 /* HistoricalEvents2.app */ = {isa = PBXFileReference; explicitFileType = wrapper.application; includeInIndex = 0; path = HistoricalEvents2.app; sourceTree = BUILT_PRODUCTS_DIR; };
		5E81EC4E1DF47F9A00D987A7 /* AppDelegate.swift */ = {isa = PBXFileReference; lastKnownFileType = sourcecode.swift; path = AppDelegate.swift; sourceTree = "<group>"; };
		5E81EC501DF47F9A00D987A7 /* ViewController.swift */ = {isa = PBXFileReference; lastKnownFileType = sourcecode.swift; path = ViewController.swift; sourceTree = "<group>"; };
		5E81EC531DF47F9A00D987A7 /* Base */ = {isa = PBXFileReference; lastKnownFileType = file.storyboard; name = Base; path = Base.lproj/Main.storyboard; sourceTree = "<group>"; };
		5E81EC551DF47F9A00D987A7 /* Assets.xcassets */ = {isa = PBXFileReference; lastKnownFileType = folder.assetcatalog; path = Assets.xcassets; sourceTree = "<group>"; };
		5E81EC581DF47F9A00D987A7 /* Base */ = {isa = PBXFileReference; lastKnownFileType = file.storyboard; name = Base; path = Base.lproj/LaunchScreen.storyboard; sourceTree = "<group>"; };
		5E81EC5A1DF47F9A00D987A7 /* Info.plist */ = {isa = PBXFileReference; lastKnownFileType = text.plist.xml; path = Info.plist; sourceTree = "<group>"; };
		5E81EC601DF47FD300D987A7 /* HistoricalModel.swift */ = {isa = PBXFileReference; fileEncoding = 4; lastKnownFileType = sourcecode.swift; path = HistoricalModel.swift; sourceTree = "<group>"; };
		5E81EC621DF480E100D987A7 /* ListOfEvents.plist */ = {isa = PBXFileReference; fileEncoding = 4; lastKnownFileType = text.plist.xml; path = ListOfEvents.plist; sourceTree = "<group>"; };
/* End PBXFileReference section */

/* Begin PBXFrameworksBuildPhase section */
		5E81EC481DF47F9A00D987A7 /* Frameworks */ = {
			isa = PBXFrameworksBuildPhase;
			buildActionMask = 2147483647;
			files = (
			);
			runOnlyForDeploymentPostprocessing = 0;
		};
/* End PBXFrameworksBuildPhase section */

/* Begin PBXGroup section */
		5E81EC421DF47F9900D987A7 = {
			isa = PBXGroup;
			children = (
				5E81EC4D1DF47F9A00D987A7 /* HistoricalEvents2 */,
				5E81EC4C1DF47F9A00D987A7 /* Products */,
			);
			sourceTree = "<group>";
		};
		5E81EC4C1DF47F9A00D987A7 /* Products */ = {
			isa = PBXGroup;
			children = (
				5E81EC4B1DF47F9A00D987A7 /* HistoricalEvents2.app */,
			);
			name = Products;
			sourceTree = "<group>";
		};
		5E81EC4D1DF47F9A00D987A7 /* HistoricalEvents2 */ = {
			isa = PBXGroup;
			children = (
				5E81EC4E1DF47F9A00D987A7 /* AppDelegate.swift */,
				5E81EC501DF47F9A00D987A7 /* ViewController.swift */,
				5E81EC521DF47F9A00D987A7 /* Main.storyboard */,
				5E81EC551DF47F9A00D987A7 /* Assets.xcassets */,
				5E81EC571DF47F9A00D987A7 /* LaunchScreen.storyboard */,
				5E81EC5A1DF47F9A00D987A7 /* Info.plist */,
				5E81EC601DF47FD300D987A7 /* HistoricalModel.swift */,
				5E81EC621DF480E100D987A7 /* ListOfEvents.plist */,
				5E7420F41DF5D14600DCB431 /* NewGameViewController.swift */,
				5E0029391DFC313E0050B172 /* EntryPointViewController.swift */,
			);
			path = HistoricalEvents2;
			sourceTree = "<group>";
		};
/* End PBXGroup section */

/* Begin PBXNativeTarget section */
		5E81EC4A1DF47F9A00D987A7 /* HistoricalEvents2 */ = {
			isa = PBXNativeTarget;
			buildConfigurationList = 5E81EC5D1DF47F9A00D987A7 /* Build configuration list for PBXNativeTarget "HistoricalEvents2" */;
			buildPhases = (
				5E81EC471DF47F9A00D987A7 /* Sources */,
				5E81EC481DF47F9A00D987A7 /* Frameworks */,
				5E81EC491DF47F9A00D987A7 /* Resources */,
			);
			buildRules = (
			);
			dependencies = (
			);
			name = HistoricalEvents2;
			productName = HistoricalEvents2;
			productReference = 5E81EC4B1DF47F9A00D987A7 /* HistoricalEvents2.app */;
			productType = "com.apple.product-type.application";
		};
/* End PBXNativeTarget section */

/* Begin PBXProject section */
		5E81EC431DF47F9A00D987A7 /* Project object */ = {
			isa = PBXProject;
			attributes = {
				LastSwiftUpdateCheck = 0730;
				LastUpgradeCheck = 0730;
				ORGANIZATIONNAME = "Andros Slowley";
				TargetAttributes = {
					5E81EC4A1DF47F9A00D987A7 = {
						CreatedOnToolsVersion = 7.3.1;
						LastSwiftMigration = 0820;
					};
				};
			};
			buildConfigurationList = 5E81EC461DF47F9A00D987A7 /* Build configuration list for PBXProject "HistoricalEvents2" */;
			compatibilityVersion = "Xcode 3.2";
			developmentRegion = English;
			hasScannedForEncodings = 0;
			knownRegions = (
				en,
				Base,
			);
			mainGroup = 5E81EC421DF47F9900D987A7;
			productRefGroup = 5E81EC4C1DF47F9A00D987A7 /* Products */;
			projectDirPath = "";
			projectRoot = "";
			targets = (
				5E81EC4A1DF47F9A00D987A7 /* HistoricalEvents2 */,
			);
		};
/* End PBXProject section */

/* Begin PBXResourcesBuildPhase section */
		5E81EC491DF47F9A00D987A7 /* Resources */ = {
			isa = PBXResourcesBuildPhase;
			buildActionMask = 2147483647;
			files = (
				5E81EC591DF47F9A00D987A7 /* LaunchScreen.storyboard in Resources */,
				5E81EC561DF47F9A00D987A7 /* Assets.xcassets in Resources */,
				5E81EC541DF47F9A00D987A7 /* Main.storyboard in Resources */,
				5E81EC631DF480E100D987A7 /* ListOfEvents.plist in Resources */,
			);
			runOnlyForDeploymentPostprocessing = 0;
		};
/* End PBXResourcesBuildPhase section */

/* Begin PBXSourcesBuildPhase section */
		5E81EC471DF47F9A00D987A7 /* Sources */ = {
			isa = PBXSourcesBuildPhase;
			buildActionMask = 2147483647;
			files = (
				5E81EC511DF47F9A00D987A7 /* ViewController.swift in Sources */,
				5E7420F51DF5D14600DCB431 /* NewGameViewController.swift in Sources */,
				5E00293A1DFC313E0050B172 /* EntryPointViewController.swift in Sources */,
				5E81EC611DF47FD300D987A7 /* HistoricalModel.swift in Sources */,
				5E81EC4F1DF47F9A00D987A7 /* AppDelegate.swift in Sources */,
			);
			runOnlyForDeploymentPostprocessing = 0;
		};
/* End PBXSourcesBuildPhase section */

/* Begin PBXVariantGroup section */
		5E81EC521DF47F9A00D987A7 /* Main.storyboard */ = {
			isa = PBXVariantGroup;
			children = (
				5E81EC531DF47F9A00D987A7 /* Base */,
			);
			name = Main.storyboard;
			sourceTree = "<group>";
		};
		5E81EC571DF47F9A00D987A7 /* LaunchScreen.storyboard */ = {
			isa = PBXVariantGroup;
			children = (
				5E81EC581DF47F9A00D987A7 /* Base */,
			);
			name = LaunchScreen.storyboard;
			sourceTree = "<group>";
		};
/* End PBXVariantGroup section */

/* Begin XCBuildConfiguration section */
		5E81EC5B1DF47F9A00D987A7 /* Debug */ = {
			isa = XCBuildConfiguration;
			buildSettings = {
				ALWAYS_SEARCH_USER_PATHS = NO;
				CLANG_ANALYZER_NONNULL = YES;
				CLANG_CXX_LANGUAGE_STANDARD = "gnu++0x";
				CLANG_CXX_LIBRARY = "libc++";
				CLANG_ENABLE_MODULES = YES;
				CLANG_ENABLE_OBJC_ARC = YES;
				CLANG_WARN_BOOL_CONVERSION = YES;
				CLANG_WARN_CONSTANT_CONVERSION = YES;
				CLANG_WARN_DIRECT_OBJC_ISA_USAGE = YES_ERROR;
				CLANG_WARN_EMPTY_BODY = YES;
				CLANG_WARN_ENUM_CONVERSION = YES;
				CLANG_WARN_INT_CONVERSION = YES;
				CLANG_WARN_OBJC_ROOT_CLASS = YES_ERROR;
				CLANG_WARN_UNREACHABLE_CODE = YES;
				CLANG_WARN__DUPLICATE_METHOD_MATCH = YES;
				"CODE_SIGN_IDENTITY[sdk=iphoneos*]" = "iPhone Developer";
				COPY_PHASE_STRIP = NO;
				DEBUG_INFORMATION_FORMAT = dwarf;
				ENABLE_STRICT_OBJC_MSGSEND = YES;
				ENABLE_TESTABILITY = YES;
				GCC_C_LANGUAGE_STANDARD = gnu99;
				GCC_DYNAMIC_NO_PIC = NO;
				GCC_NO_COMMON_BLOCKS = YES;
				GCC_OPTIMIZATION_LEVEL = 0;
				GCC_PREPROCESSOR_DEFINITIONS = (
					"DEBUG=1",
					"$(inherited)",
				);
				GCC_WARN_64_TO_32_BIT_CONVERSION = YES;
				GCC_WARN_ABOUT_RETURN_TYPE = YES_ERROR;
				GCC_WARN_UNDECLARED_SELECTOR = YES;
				GCC_WARN_UNINITIALIZED_AUTOS = YES_AGGRESSIVE;
				GCC_WARN_UNUSED_FUNCTION = YES;
				GCC_WARN_UNUSED_VARIABLE = YES;
				IPHONEOS_DEPLOYMENT_TARGET = 9.3;
				MTL_ENABLE_DEBUG_INFO = YES;
				ONLY_ACTIVE_ARCH = YES;
				SDKROOT = iphoneos;
				SWIFT_OPTIMIZATION_LEVEL = "-Onone";
				TARGETED_DEVICE_FAMILY = "1,2";
			};
			name = Debug;
		};
		5E81EC5C1DF47F9A00D987A7 /* Release */ = {
			isa = XCBuildConfiguration;
			buildSettings = {
				ALWAYS_SEARCH_USER_PATHS = NO;
				CLANG_ANALYZER_NONNULL = YES;
				CLANG_CXX_LANGUAGE_STANDARD = "gnu++0x";
				CLANG_CXX_LIBRARY = "libc++";
				CLANG_ENABLE_MODULES = YES;
				CLANG_ENABLE_OBJC_ARC = YES;
				CLANG_WARN_BOOL_CONVERSION = YES;
				CLANG_WARN_CONSTANT_CONVERSION = YES;
				CLANG_WARN_DIRECT_OBJC_ISA_USAGE = YES_ERROR;
				CLANG_WARN_EMPTY_BODY = YES;
				CLANG_WARN_ENUM_CONVERSION = YES;
				CLANG_WARN_INT_CONVERSION = YES;
				CLANG_WARN_OBJC_ROOT_CLASS = YES_ERROR;
				CLANG_WARN_UNREACHABLE_CODE = YES;
				CLANG_WARN__DUPLICATE_METHOD_MATCH = YES;
				"CODE_SIGN_IDENTITY[sdk=iphoneos*]" = "iPhone Developer";
				COPY_PHASE_STRIP = NO;
				DEBUG_INFORMATION_FORMAT = "dwarf-with-dsym";
				ENABLE_NS_ASSERTIONS = NO;
				ENABLE_STRICT_OBJC_MSGSEND = YES;
				GCC_C_LANGUAGE_STANDARD = gnu99;
				GCC_NO_COMMON_BLOCKS = YES;
				GCC_WARN_64_TO_32_BIT_CONVERSION = YES;
				GCC_WARN_ABOUT_RETURN_TYPE = YES_ERROR;
				GCC_WARN_UNDECLARED_SELECTOR = YES;
				GCC_WARN_UNINITIALIZED_AUTOS = YES_AGGRESSIVE;
				GCC_WARN_UNUSED_FUNCTION = YES;
				GCC_WARN_UNUSED_VARIABLE = YES;
				IPHONEOS_DEPLOYMENT_TARGET = 9.3;
				MTL_ENABLE_DEBUG_INFO = NO;
				SDKROOT = iphoneos;
				TARGETED_DEVICE_FAMILY = "1,2";
				VALIDATE_PRODUCT = YES;
			};
			name = Release;
		};
		5E81EC5E1DF47F9A00D987A7 /* Debug */ = {
			isa = XCBuildConfiguration;
			buildSettings = {
				ASSETCATALOG_COMPILER_APPICON_NAME = AppIcon;
				INFOPLIST_FILE = HistoricalEvents2/Info.plist;
				LD_RUNPATH_SEARCH_PATHS = "$(inherited) @executable_path/Frameworks";
				PRODUCT_BUNDLE_IDENTIFIER = com.andros.HistoricalEvents2;
				PRODUCT_NAME = "$(TARGET_NAME)";
				SWIFT_VERSION = 3.0;
			};
			name = Debug;
		};
		5E81EC5F1DF47F9A00D987A7 /* Release */ = {
			isa = XCBuildConfiguration;
			buildSettings = {
				ASSETCATALOG_COMPILER_APPICON_NAME = AppIcon;
				INFOPLIST_FILE = HistoricalEvents2/Info.plist;
				LD_RUNPATH_SEARCH_PATHS = "$(inherited) @executable_path/Frameworks";
				PRODUCT_BUNDLE_IDENTIFIER = com.andros.HistoricalEvents2;
				PRODUCT_NAME = "$(TARGET_NAME)";
				SWIFT_VERSION = 3.0;
			};
			name = Release;
		};
/* End XCBuildConfiguration section */

/* Begin XCConfigurationList section */
		5E81EC461DF47F9A00D987A7 /* Build configuration list for PBXProject "HistoricalEvents2" */ = {
			isa = XCConfigurationList;
			buildConfigurations = (
				5E81EC5B1DF47F9A00D987A7 /* Debug */,
				5E81EC5C1DF47F9A00D987A7 /* Release */,
			);
			defaultConfigurationIsVisible = 0;
			defaultConfigurationName = Release;
		};
		5E81EC5D1DF47F9A00D987A7 /* Build configuration list for PBXNativeTarget "HistoricalEvents2" */ = {
			isa = XCConfigurationList;
			buildConfigurations = (
				5E81EC5E1DF47F9A00D987A7 /* Debug */,
				5E81EC5F1DF47F9A00D987A7 /* Release */,
			);
			defaultConfigurationIsVisible = 0;
			defaultConfigurationName = Release;
		};
/* End XCConfigurationList section */
	};
	rootObject = 5E81EC431DF47F9A00D987A7 /* Project object */;
}
